
Microsoft Visual Studio Solution File, Format Version 12.00
# Visual Studio Version 17
VisualStudioVersion = 17.7.34003.232
MinimumVisualStudioVersion = 10.0.40219.1
Project("{FAE04EC0-301F-11D3-BF4B-00C04F79EFBC}") = "MyLibrary", "MyLibrary\MyLibrary.csproj", "{4A7736F2-A38E-4BE7-AFE4-E6804AA089D3}"
EndProject
Project("{FAE04EC0-301F-11D3-BF4B-00C04F79EFBC}") = "DLL", "DLL\DLL.csproj", "{609D13B3-D621-4836-BB24-8B6FD5B40AC0}"
EndProject
Global
	GlobalSection(SolutionConfigurationPlatforms) = preSolution
		Debug|Any CPU = Debug|Any CPU
		Release|Any CPU = Release|Any CPU
	EndGlobalSection
	GlobalSection(ProjectConfigurationPlatforms) = postSolution
		{4A7736F2-A38E-4BE7-AFE4-E6804AA089D3}.Debug|Any CPU.ActiveCfg = Debug|Any CPU
		{4A7736F2-A38E-4BE7-AFE4-E6804AA089D3}.Debug|Any CPU.Build.0 = Debug|Any CPU
		{4A7736F2-A38E-4BE7-AFE4-E6804AA089D3}.Release|Any CPU.ActiveCfg = Release|Any CPU
		{4A7736F2-A38E-4BE7-AFE4-E6804AA089D3}.Release|Any CPU.Build.0 = Release|Any CPU
		{609D13B3-D621-4836-BB24-8B6FD5B40AC0}.Debug|Any CPU.ActiveCfg = Debug|Any CPU
		{609D13B3-D621-4836-BB24-8B6FD5B40AC0}.Debug|Any CPU.Build.0 = Debug|Any CPU
		{609D13B3-D621-4836-BB24-8B6FD5B40AC0}.Release|Any CPU.ActiveCfg = Release|Any CPU
		{609D13B3-D621-4836-BB24-8B6FD5B40AC0}.Release|Any CPU.Build.0 = Release|Any CPU
	EndGlobalSection
	GlobalSection(SolutionProperties) = preSolution
		HideSolutionNode = FALSE
	EndGlobalSection
	GlobalSection(ExtensibilityGlobals) = postSolution
		SolutionGuid = {CC184B4B-4650-4683-AD29-D9CBE6F98FED}
	EndGlobalSection
EndGlobal
